// !$*UTF8*$!
{
	archiveVersion = 1;
	classes = {
	};
	objectVersion = 56;
	objects = {

/* Begin PBXBuildFile section */
		1040DBB82B9DEE800011BDEA /* coffe_appApp.swift in Sources */ = {isa = PBXBuildFile; fileRef = 1040DBB72B9DEE800011BDEA /* coffe_appApp.swift */; };
		1040DBBA2B9DEE800011BDEA /* ContentView.swift in Sources */ = {isa = PBXBuildFile; fileRef = 1040DBB92B9DEE800011BDEA /* ContentView.swift */; };
		1040DBBC2B9DEE820011BDEA /* Assets.xcassets in Resources */ = {isa = PBXBuildFile; fileRef = 1040DBBB2B9DEE820011BDEA /* Assets.xcassets */; };
		1040DBBF2B9DEE820011BDEA /* Preview Assets.xcassets in Resources */ = {isa = PBXBuildFile; fileRef = 1040DBBE2B9DEE820011BDEA /* Preview Assets.xcassets */; };
		1040DBC62B9DEF660011BDEA /* CoffeeModel.swift in Sources */ = {isa = PBXBuildFile; fileRef = 1040DBC52B9DEF660011BDEA /* CoffeeModel.swift */; };
		1040DBC82B9DEF990011BDEA /* CoffeeViewModel.swift in Sources */ = {isa = PBXBuildFile; fileRef = 1040DBC72B9DEF990011BDEA /* CoffeeViewModel.swift */; };
		1040DBCE2B9DF17C0011BDEA /* CoffeeDetailView.swift in Sources */ = {isa = PBXBuildFile; fileRef = 1040DBCD2B9DF17C0011BDEA /* CoffeeDetailView.swift */; };
		1040DBD42B9E076B0011BDEA /* CoffeeColors.swift in Sources */ = {isa = PBXBuildFile; fileRef = 1040DBD32B9E076B0011BDEA /* CoffeeColors.swift */; };
		1040DBD62B9E07B10011BDEA /* CoffeeCardView.swift in Sources */ = {isa = PBXBuildFile; fileRef = 1040DBD52B9E07B00011BDEA /* CoffeeCardView.swift */; };
		1040DBD82B9E08010011BDEA /* CoffeeListView.swift in Sources */ = {isa = PBXBuildFile; fileRef = 1040DBD72B9E08000011BDEA /* CoffeeListView.swift */; };
/* End PBXBuildFile section */

/* Begin PBXFileReference section */
		1040DBB42B9DEE800011BDEA /* coffee-app.app */ = {isa = PBXFileReference; explicitFileType = wrapper.application; includeInIndex = 0; path = "coffee-app.app"; sourceTree = BUILT_PRODUCTS_DIR; };
		1040DBB72B9DEE800011BDEA /* coffe_appApp.swift */ = {isa = PBXFileReference; lastKnownFileType = sourcecode.swift; path = coffe_appApp.swift; sourceTree = "<group>"; };
		1040DBB92B9DEE800011BDEA /* ContentView.swift */ = {isa = PBXFileReference; lastKnownFileType = sourcecode.swift; path = ContentView.swift; sourceTree = "<group>"; };
		1040DBBB2B9DEE820011BDEA /* Assets.xcassets */ = {isa = PBXFileReference; lastKnownFileType = folder.assetcatalog; path = Assets.xcassets; sourceTree = "<group>"; };
		1040DBBE2B9DEE820011BDEA /* Preview Assets.xcassets */ = {isa = PBXFileReference; lastKnownFileType = folder.assetcatalog; path = "Preview Assets.xcassets"; sourceTree = "<group>"; };
		1040DBC52B9DEF660011BDEA /* CoffeeModel.swift */ = {isa = PBXFileReference; lastKnownFileType = sourcecode.swift; path = CoffeeModel.swift; sourceTree = "<group>"; };
		1040DBC72B9DEF990011BDEA /* CoffeeViewModel.swift */ = {isa = PBXFileReference; lastKnownFileType = sourcecode.swift; path = CoffeeViewModel.swift; sourceTree = "<group>"; };
		1040DBCD2B9DF17C0011BDEA /* CoffeeDetailView.swift */ = {isa = PBXFileReference; lastKnownFileType = sourcecode.swift; path = CoffeeDetailView.swift; sourceTree = "<group>"; };
		1040DBD32B9E076B0011BDEA /* CoffeeColors.swift */ = {isa = PBXFileReference; lastKnownFileType = sourcecode.swift; path = CoffeeColors.swift; sourceTree = "<group>"; };
		1040DBD52B9E07B00011BDEA /* CoffeeCardView.swift */ = {isa = PBXFileReference; lastKnownFileType = sourcecode.swift; path = CoffeeCardView.swift; sourceTree = "<group>"; };
		1040DBD72B9E08000011BDEA /* CoffeeListView.swift */ = {isa = PBXFileReference; lastKnownFileType = sourcecode.swift; path = CoffeeListView.swift; sourceTree = "<group>"; };
/* End PBXFileReference section */

/* Begin PBXFrameworksBuildPhase section */
		1040DBB12B9DEE800011BDEA /* Frameworks */ = {
			isa = PBXFrameworksBuildPhase;
			buildActionMask = 2147483647;
			files = (
			);
			runOnlyForDeploymentPostprocessing = 0;
		};
/* End PBXFrameworksBuildPhase section */

/* Begin PBXGroup section */
		1040DBAB2B9DEE800011BDEA = {
			isa = PBXGroup;
			children = (
				1040DBB62B9DEE800011BDEA /* coffe-app */,
				1040DBB52B9DEE800011BDEA /* Products */,
			);
			sourceTree = "<group>";
		};
		1040DBB52B9DEE800011BDEA /* Products */ = {
			isa = PBXGroup;
			children = (
				1040DBB42B9DEE800011BDEA /* coffee-app.app */,
			);
			name = Products;
			sourceTree = "<group>";
		};
		1040DBB62B9DEE800011BDEA /* coffe-app */ = {
			isa = PBXGroup;
			children = (
				1040DBD22B9E075A0011BDEA /* Extensions  */,
				1040DBC92B9DF1060011BDEA /* Model */,
				1040DBCA2B9DF10E0011BDEA /* ViewModel */,
				1040DBCB2B9DF11D0011BDEA /* View */,
				1040DBB72B9DEE800011BDEA /* coffe_appApp.swift */,
				1040DBBB2B9DEE820011BDEA /* Assets.xcassets */,
				1040DBBD2B9DEE820011BDEA /* Preview Content */,
			);
			path = "coffe-app";
			sourceTree = "<group>";
		};
		1040DBBD2B9DEE820011BDEA /* Preview Content */ = {
			isa = PBXGroup;
			children = (
				1040DBBE2B9DEE820011BDEA /* Preview Assets.xcassets */,
			);
			path = "Preview Content";
			sourceTree = "<group>";
		};
		1040DBC92B9DF1060011BDEA /* Model */ = {
			isa = PBXGroup;
			children = (
				1040DBC52B9DEF660011BDEA /* CoffeeModel.swift */,
			);
			path = Model;
			sourceTree = "<group>";
		};
		1040DBCA2B9DF10E0011BDEA /* ViewModel */ = {
			isa = PBXGroup;
			children = (
				1040DBC72B9DEF990011BDEA /* CoffeeViewModel.swift */,
			);
			path = ViewModel;
			sourceTree = "<group>";
		};
		1040DBCB2B9DF11D0011BDEA /* View */ = {
			isa = PBXGroup;
			children = (
				1040DBB92B9DEE800011BDEA /* ContentView.swift */,
				1040DBCD2B9DF17C0011BDEA /* CoffeeDetailView.swift */,
				1040DBD52B9E07B00011BDEA /* CoffeeCardView.swift */,
				1040DBD72B9E08000011BDEA /* CoffeeListView.swift */,
			);
			path = View;
			sourceTree = "<group>";
		};
		1040DBD22B9E075A0011BDEA /* Extensions  */ = {
			isa = PBXGroup;
			children = (
				1040DBD32B9E076B0011BDEA /* CoffeeColors.swift */,
			);
			path = "Extensions ";
			sourceTree = "<group>";
		};
/* End PBXGroup section */

/* Begin PBXNativeTarget section */
		1040DBB32B9DEE800011BDEA /* coffee-app */ = {
			isa = PBXNativeTarget;
			buildConfigurationList = 1040DBC22B9DEE820011BDEA /* Build configuration list for PBXNativeTarget "coffee-app" */;
			buildPhases = (
				1040DBB02B9DEE800011BDEA /* Sources */,
				1040DBB12B9DEE800011BDEA /* Frameworks */,
				1040DBB22B9DEE800011BDEA /* Resources */,
			);
			buildRules = (
			);
			dependencies = (
			);
			name = "coffee-app";
			packageProductDependencies = (
			);
			productName = "coffe-app";
			productReference = 1040DBB42B9DEE800011BDEA /* coffee-app.app */;
			productType = "com.apple.product-type.application";
		};
/* End PBXNativeTarget section */

/* Begin PBXProject section */
		1040DBAC2B9DEE800011BDEA /* Project object */ = {
			isa = PBXProject;
			attributes = {
				BuildIndependentTargetsInParallel = 1;
				LastSwiftUpdateCheck = 1530;
				LastUpgradeCheck = 1530;
				TargetAttributes = {
					1040DBB32B9DEE800011BDEA = {
						CreatedOnToolsVersion = 15.3;
					};
				};
			};
			buildConfigurationList = 1040DBAF2B9DEE800011BDEA /* Build configuration list for PBXProject "coffee-app" */;
			compatibilityVersion = "Xcode 14.0";
			developmentRegion = en;
			hasScannedForEncodings = 0;
			knownRegions = (
				en,
				Base,
			);
			mainGroup = 1040DBAB2B9DEE800011BDEA;
			packageReferences = (
			);
			productRefGroup = 1040DBB52B9DEE800011BDEA /* Products */;
			projectDirPath = "";
			projectRoot = "";
			targets = (
				1040DBB32B9DEE800011BDEA /* coffee-app */,
			);
		};
/* End PBXProject section */

/* Begin PBXResourcesBuildPhase section */
		1040DBB22B9DEE800011BDEA /* Resources */ = {
			isa = PBXResourcesBuildPhase;
			buildActionMask = 2147483647;
			files = (
				1040DBBF2B9DEE820011BDEA /* Preview Assets.xcassets in Resources */,
				1040DBBC2B9DEE820011BDEA /* Assets.xcassets in Resources */,
			);
			runOnlyForDeploymentPostprocessing = 0;
		};
/* End PBXResourcesBuildPhase section */

/* Begin PBXSourcesBuildPhase section */
		1040DBB02B9DEE800011BDEA /* Sources */ = {
			isa = PBXSourcesBuildPhase;
			buildActionMask = 2147483647;
			files = (
				1040DBD82B9E08010011BDEA /* CoffeeListView.swift in Sources */,
				1040DBBA2B9DEE800011BDEA /* ContentView.swift in Sources */,
				1040DBD42B9E076B0011BDEA /* CoffeeColors.swift in Sources */,
				1040DBCE2B9DF17C0011BDEA /* CoffeeDetailView.swift in Sources */,
				1040DBB82B9DEE800011BDEA /* coffe_appApp.swift in Sources */,
				1040DBD62B9E07B10011BDEA /* CoffeeCardView.swift in Sources */,
				1040DBC82B9DEF990011BDEA /* CoffeeViewModel.swift in Sources */,
				1040DBC62B9DEF660011BDEA /* CoffeeModel.swift in Sources */,
			);
			runOnlyForDeploymentPostprocessing = 0;
		};
/* End PBXSourcesBuildPhase section */

/* Begin XCBuildConfiguration section */
		1040DBC02B9DEE820011BDEA /* Debug */ = {
			isa = XCBuildConfiguration;
			buildSettings = {
				ALWAYS_SEARCH_USER_PATHS = NO;
				ASSETCATALOG_COMPILER_GENERATE_SWIFT_ASSET_SYMBOL_EXTENSIONS = YES;
				CLANG_ANALYZER_NONNULL = YES;
				CLANG_ANALYZER_NUMBER_OBJECT_CONVERSION = YES_AGGRESSIVE;
				CLANG_CXX_LANGUAGE_STANDARD = "gnu++20";
				CLANG_ENABLE_MODULES = YES;
				CLANG_ENABLE_OBJC_ARC = YES;
				CLANG_ENABLE_OBJC_WEAK = YES;
				CLANG_WARN_BLOCK_CAPTURE_AUTORELEASING = YES;
				CLANG_WARN_BOOL_CONVERSION = YES;
				CLANG_WARN_COMMA = YES;
				CLANG_WARN_CONSTANT_CONVERSION = YES;
				CLANG_WARN_DEPRECATED_OBJC_IMPLEMENTATIONS = YES;
				CLANG_WARN_DIRECT_OBJC_ISA_USAGE = YES_ERROR;
				CLANG_WARN_DOCUMENTATION_COMMENTS = YES;
				CLANG_WARN_EMPTY_BODY = YES;
				CLANG_WARN_ENUM_CONVERSION = YES;
				CLANG_WARN_INFINITE_RECURSION = YES;
				CLANG_WARN_INT_CONVERSION = YES;
				CLANG_WARN_NON_LITERAL_NULL_CONVERSION = YES;
				CLANG_WARN_OBJC_IMPLICIT_RETAIN_SELF = YES;
				CLANG_WARN_OBJC_LITERAL_CONVERSION = YES;
				CLANG_WARN_OBJC_ROOT_CLASS = YES_ERROR;
				CLANG_WARN_QUOTED_INCLUDE_IN_FRAMEWORK_HEADER = YES;
				CLANG_WARN_RANGE_LOOP_ANALYSIS = YES;
				CLANG_WARN_STRICT_PROTOTYPES = YES;
				CLANG_WARN_SUSPICIOUS_MOVE = YES;
				CLANG_WARN_UNGUARDED_AVAILABILITY = YES_AGGRESSIVE;
				CLANG_WARN_UNREACHABLE_CODE = YES;
				CLANG_WARN__DUPLICATE_METHOD_MATCH = YES;
				COPY_PHASE_STRIP = NO;
				DEBUG_INFORMATION_FORMAT = dwarf;
				ENABLE_STRICT_OBJC_MSGSEND = YES;
				ENABLE_TESTABILITY = YES;
				ENABLE_USER_SCRIPT_SANDBOXING = YES;
				GCC_C_LANGUAGE_STANDARD = gnu17;
				GCC_DYNAMIC_NO_PIC = NO;
				GCC_NO_COMMON_BLOCKS = YES;
				GCC_OPTIMIZATION_LEVEL = 0;
				GCC_PREPROCESSOR_DEFINITIONS = (
					"DEBUG=1",
					"$(inherited)",
				);
				GCC_WARN_64_TO_32_BIT_CONVERSION = YES;
				GCC_WARN_ABOUT_RETURN_TYPE = YES_ERROR;
				GCC_WARN_UNDECLARED_SELECTOR = YES;
				GCC_WARN_UNINITIALIZED_AUTOS = YES_AGGRESSIVE;
				GCC_WARN_UNUSED_FUNCTION = YES;
				GCC_WARN_UNUSED_VARIABLE = YES;
				IPHONEOS_DEPLOYMENT_TARGET = 17.4;
				LOCALIZATION_PREFERS_STRING_CATALOGS = YES;
				MTL_ENABLE_DEBUG_INFO = INCLUDE_SOURCE;
				MTL_FAST_MATH = YES;
				ONLY_ACTIVE_ARCH = YES;
				SDKROOT = iphoneos;
				SWIFT_ACTIVE_COMPILATION_CONDITIONS = "DEBUG $(inherited)";
				SWIFT_OPTIMIZATION_LEVEL = "-Onone";
			};
			name = Debug;
		};
		1040DBC12B9DEE820011BDEA /* Release */ = {
			isa = XCBuildConfiguration;
			buildSettings = {
				ALWAYS_SEARCH_USER_PATHS = NO;
				ASSETCATALOG_COMPILER_GENERATE_SWIFT_ASSET_SYMBOL_EXTENSIONS = YES;
				CLANG_ANALYZER_NONNULL = YES;
				CLANG_ANALYZER_NUMBER_OBJECT_CONVERSION = YES_AGGRESSIVE;
				CLANG_CXX_LANGUAGE_STANDARD = "gnu++20";
				CLANG_ENABLE_MODULES = YES;
				CLANG_ENABLE_OBJC_ARC = YES;
				CLANG_ENABLE_OBJC_WEAK = YES;
				CLANG_WARN_BLOCK_CAPTURE_AUTORELEASING = YES;
				CLANG_WARN_BOOL_CONVERSION = YES;
				CLANG_WARN_COMMA = YES;
				CLANG_WARN_CONSTANT_CONVERSION = YES;
				CLANG_WARN_DEPRECATED_OBJC_IMPLEMENTATIONS = YES;
				CLANG_WARN_DIRECT_OBJC_ISA_USAGE = YES_ERROR;
				CLANG_WARN_DOCUMENTATION_COMMENTS = YES;
				CLANG_WARN_EMPTY_BODY = YES;
				CLANG_WARN_ENUM_CONVERSION = YES;
				CLANG_WARN_INFINITE_RECURSION = YES;
				CLANG_WARN_INT_CONVERSION = YES;
				CLANG_WARN_NON_LITERAL_NULL_CONVERSION = YES;
				CLANG_WARN_OBJC_IMPLICIT_RETAIN_SELF = YES;
				CLANG_WARN_OBJC_LITERAL_CONVERSION = YES;
				CLANG_WARN_OBJC_ROOT_CLASS = YES_ERROR;
				CLANG_WARN_QUOTED_INCLUDE_IN_FRAMEWORK_HEADER = YES;
				CLANG_WARN_RANGE_LOOP_ANALYSIS = YES;
				CLANG_WARN_STRICT_PROTOTYPES = YES;
				CLANG_WARN_SUSPICIOUS_MOVE = YES;
				CLANG_WARN_UNGUARDED_AVAILABILITY = YES_AGGRESSIVE;
				CLANG_WARN_UNREACHABLE_CODE = YES;
				CLANG_WARN__DUPLICATE_METHOD_MATCH = YES;
				COPY_PHASE_STRIP = NO;
				DEBUG_INFORMATION_FORMAT = "dwarf-with-dsym";
				ENABLE_NS_ASSERTIONS = NO;
				ENABLE_STRICT_OBJC_MSGSEND = YES;
				ENABLE_USER_SCRIPT_SANDBOXING = YES;
				GCC_C_LANGUAGE_STANDARD = gnu17;
				GCC_NO_COMMON_BLOCKS = YES;
				GCC_WARN_64_TO_32_BIT_CONVERSION = YES;
				GCC_WARN_ABOUT_RETURN_TYPE = YES_ERROR;
				GCC_WARN_UNDECLARED_SELECTOR = YES;
				GCC_WARN_UNINITIALIZED_AUTOS = YES_AGGRESSIVE;
				GCC_WARN_UNUSED_FUNCTION = YES;
				GCC_WARN_UNUSED_VARIABLE = YES;
				IPHONEOS_DEPLOYMENT_TARGET = 17.4;
				LOCALIZATION_PREFERS_STRING_CATALOGS = YES;
				MTL_ENABLE_DEBUG_INFO = NO;
				MTL_FAST_MATH = YES;
				SDKROOT = iphoneos;
				SWIFT_COMPILATION_MODE = wholemodule;
				VALIDATE_PRODUCT = YES;
			};
			name = Release;
		};
		1040DBC32B9DEE820011BDEA /* Debug */ = {
			isa = XCBuildConfiguration;
			buildSettings = {
				ASSETCATALOG_COMPILER_APPICON_NAME = AppIcon;
				ASSETCATALOG_COMPILER_GLOBAL_ACCENT_COLOR_NAME = AccentColor;
				CODE_SIGN_STYLE = Automatic;
				CURRENT_PROJECT_VERSION = 1;
				DEVELOPMENT_ASSET_PATHS = "\"coffe-app/Preview Content\"";
				DEVELOPMENT_TEAM = 8TC6NM65Z3;
				ENABLE_PREVIEWS = YES;
				GENERATE_INFOPLIST_FILE = YES;
				INFOPLIST_KEY_UIApplicationSceneManifest_Generation = YES;
				INFOPLIST_KEY_UIApplicationSupportsIndirectInputEvents = YES;
				INFOPLIST_KEY_UILaunchScreen_Generation = YES;
				INFOPLIST_KEY_UISupportedInterfaceOrientations_iPad = "UIInterfaceOrientationPortrait UIInterfaceOrientationPortraitUpsideDown UIInterfaceOrientationLandscapeLeft UIInterfaceOrientationLandscapeRight";
				INFOPLIST_KEY_UISupportedInterfaceOrientations_iPhone = "UIInterfaceOrientationPortrait UIInterfaceOrientationLandscapeLeft UIInterfaceOrientationLandscapeRight";
				LD_RUNPATH_SEARCH_PATHS = (
					"$(inherited)",
					"@executable_path/Frameworks",
				);
				MARKETING_VERSION = 1.0;
				PRODUCT_BUNDLE_IDENTIFIER = "com.mohammed.coffe-app";
				PRODUCT_NAME = "$(TARGET_NAME)";
				SWIFT_EMIT_LOC_STRINGS = YES;
				SWIFT_VERSION = 5.0;
				TARGETED_DEVICE_FAMILY = "1,2";
			};
			name = Debug;
		};
		1040DBC42B9DEE820011BDEA /* Release */ = {
			isa = XCBuildConfiguration;
			buildSettings = {
				ASSETCATALOG_COMPILER_APPICON_NAME = AppIcon;
				ASSETCATALOG_COMPILER_GLOBAL_ACCENT_COLOR_NAME = AccentColor;
				CODE_SIGN_STYLE = Automatic;
				CURRENT_PROJECT_VERSION = 1;
				DEVELOPMENT_ASSET_PATHS = "\"coffe-app/Preview Content\"";
				DEVELOPMENT_TEAM = 8TC6NM65Z3;
				ENABLE_PREVIEWS = YES;
				GENERATE_INFOPLIST_FILE = YES;
				INFOPLIST_KEY_UIApplicationSceneManifest_Generation = YES;
				INFOPLIST_KEY_UIApplicationSupportsIndirectInputEvents = YES;
				INFOPLIST_KEY_UILaunchScreen_Generation = YES;
				INFOPLIST_KEY_UISupportedInterfaceOrientations_iPad = "UIInterfaceOrientationPortrait UIInterfaceOrientationPortraitUpsideDown UIInterfaceOrientationLandscapeLeft UIInterfaceOrientationLandscapeRight";
				INFOPLIST_KEY_UISupportedInterfaceOrientations_iPhone = "UIInterfaceOrientationPortrait UIInterfaceOrientationLandscapeLeft UIInterfaceOrientationLandscapeRight";
				LD_RUNPATH_SEARCH_PATHS = (
					"$(inherited)",
					"@executable_path/Frameworks",
				);
				MARKETING_VERSION = 1.0;
				PRODUCT_BUNDLE_IDENTIFIER = "com.mohammed.coffe-app";
				PRODUCT_NAME = "$(TARGET_NAME)";
				SWIFT_EMIT_LOC_STRINGS = YES;
				SWIFT_VERSION = 5.0;
				TARGETED_DEVICE_FAMILY = "1,2";
			};
			name = Release;
		};
/* End XCBuildConfiguration section */

/* Begin XCConfigurationList section */
		1040DBAF2B9DEE800011BDEA /* Build configuration list for PBXProject "coffee-app" */ = {
			isa = XCConfigurationList;
			buildConfigurations = (
				1040DBC02B9DEE820011BDEA /* Debug */,
				1040DBC12B9DEE820011BDEA /* Release */,
			);
			defaultConfigurationIsVisible = 0;
			defaultConfigurationName = Release;
		};
		1040DBC22B9DEE820011BDEA /* Build configuration list for PBXNativeTarget "coffee-app" */ = {
			isa = XCConfigurationList;
			buildConfigurations = (
				1040DBC32B9DEE820011BDEA /* Debug */,
				1040DBC42B9DEE820011BDEA /* Release */,
			);
			defaultConfigurationIsVisible = 0;
			defaultConfigurationName = Release;
		};
/* End XCConfigurationList section */
	};
	rootObject = 1040DBAC2B9DEE800011BDEA /* Project object */;
}
